
Microsoft Visual Studio Solution File, Format Version 12.00
# Visual Studio Version 17
VisualStudioVersion = 17.4.33205.214
MinimumVisualStudioVersion = 10.0.40219.1
Project("{FAE04EC0-301F-11D3-BF4B-00C04F79EFBC}") = "A2 task1", "A2 task1\A2 task1.csproj", "{E254134F-D3B7-4312-9555-BD6EE278298F}"
EndProject
Global
	GlobalSection(SolutionConfigurationPlatforms) = preSolution
		Debug|Any CPU = Debug|Any CPU
		Release|Any CPU = Release|Any CPU
	EndGlobalSection
	GlobalSection(ProjectConfigurationPlatforms) = postSolution
		{E254134F-D3B7-4312-9555-BD6EE278298F}.Debug|Any CPU.ActiveCfg = Debug|Any CPU
		{E254134F-D3B7-4312-9555-BD6EE278298F}.Debug|Any CPU.Build.0 = Debug|Any CPU
		{E254134F-D3B7-4312-9555-BD6EE278298F}.Release|Any CPU.ActiveCfg = Release|Any CPU
		{E254134F-D3B7-4312-9555-BD6EE278298F}.Release|Any CPU.Build.0 = Release|Any CPU
	EndGlobalSection
	GlobalSection(SolutionProperties) = preSolution
		HideSolutionNode = FALSE
	EndGlobalSection
	GlobalSection(ExtensibilityGlobals) = postSolution
		SolutionGuid = {32421322-53AF-40B5-BA0E-55287CD3FF59}
	EndGlobalSection
EndGlobal
